// !$*UTF8*$!
{
	archiveVersion = 1;
	classes = {
	};
	objectVersion = 56;
	objects = {

/* Begin PBXBuildFile section */
		AB4BD358296D87A000334CDE /* PointsView.swift in Sources */ = {isa = PBXBuildFile; fileRef = AB4BD357296D87A000334CDE /* PointsView.swift */; };
		AB4BD35A296DA46000334CDE /* Constants.swift in Sources */ = {isa = PBXBuildFile; fileRef = AB4BD359296DA46000334CDE /* Constants.swift */; };
		AB50E16A296DD91A00855305 /* LeaderboardView.swift in Sources */ = {isa = PBXBuildFile; fileRef = AB50E169296DD91A00855305 /* LeaderboardView.swift */; };
		AB61222D2951FD91003B4664 /* Shapes.swift in Sources */ = {isa = PBXBuildFile; fileRef = AB61222C2951FD91003B4664 /* Shapes.swift */; };
		AB61222F295203D7003B4664 /* RoundViews.swift in Sources */ = {isa = PBXBuildFile; fileRef = AB61222E295203D7003B4664 /* RoundViews.swift */; };
		AB90C00D29592BE900F06F57 /* BackgroundView.swift in Sources */ = {isa = PBXBuildFile; fileRef = AB90C00C29592BE900F06F57 /* BackgroundView.swift */; };
		ABB3E6BB2943064A004B0AFF /* BullseyeApp.swift in Sources */ = {isa = PBXBuildFile; fileRef = ABB3E6BA2943064A004B0AFF /* BullseyeApp.swift */; };
		ABB3E6BD2943064A004B0AFF /* ContentView.swift in Sources */ = {isa = PBXBuildFile; fileRef = ABB3E6BC2943064A004B0AFF /* ContentView.swift */; };
		ABB3E6BF2943064B004B0AFF /* Assets.xcassets in Resources */ = {isa = PBXBuildFile; fileRef = ABB3E6BE2943064B004B0AFF /* Assets.xcassets */; };
		ABB3E6C32943064B004B0AFF /* Preview Assets.xcassets in Resources */ = {isa = PBXBuildFile; fileRef = ABB3E6C22943064B004B0AFF /* Preview Assets.xcassets */; };
		ABB3E6CD2943064B004B0AFF /* BullseyeTests.swift in Sources */ = {isa = PBXBuildFile; fileRef = ABB3E6CC2943064B004B0AFF /* BullseyeTests.swift */; };
		ABEB1F8D2950855400E6F71B /* TextViews.swift in Sources */ = {isa = PBXBuildFile; fileRef = ABEB1F8C2950855400E6F71B /* TextViews.swift */; };
		ABFA7DBD294CE14B002F2A82 /* Game.swift in Sources */ = {isa = PBXBuildFile; fileRef = ABFA7DBC294CE14B002F2A82 /* Game.swift */; };
/* End PBXBuildFile section */

/* Begin PBXContainerItemProxy section */
		ABB3E6C92943064B004B0AFF /* PBXContainerItemProxy */ = {
			isa = PBXContainerItemProxy;
			containerPortal = ABB3E6AF29430649004B0AFF /* Project object */;
			proxyType = 1;
			remoteGlobalIDString = ABB3E6B62943064A004B0AFF;
			remoteInfo = Bullseye;
		};
/* End PBXContainerItemProxy section */

/* Begin PBXFileReference section */
		AB4BD357296D87A000334CDE /* PointsView.swift */ = {isa = PBXFileReference; lastKnownFileType = sourcecode.swift; path = PointsView.swift; sourceTree = "<group>"; };
		AB4BD359296DA46000334CDE /* Constants.swift */ = {isa = PBXFileReference; lastKnownFileType = sourcecode.swift; path = Constants.swift; sourceTree = "<group>"; };
		AB50E169296DD91A00855305 /* LeaderboardView.swift */ = {isa = PBXFileReference; lastKnownFileType = sourcecode.swift; path = LeaderboardView.swift; sourceTree = "<group>"; };
		AB61222C2951FD91003B4664 /* Shapes.swift */ = {isa = PBXFileReference; lastKnownFileType = sourcecode.swift; path = Shapes.swift; sourceTree = "<group>"; };
		AB61222E295203D7003B4664 /* RoundViews.swift */ = {isa = PBXFileReference; lastKnownFileType = sourcecode.swift; path = RoundViews.swift; sourceTree = "<group>"; };
		AB90C00C29592BE900F06F57 /* BackgroundView.swift */ = {isa = PBXFileReference; lastKnownFileType = sourcecode.swift; path = BackgroundView.swift; sourceTree = "<group>"; };
		ABB3E6B72943064A004B0AFF /* Bullseye.app */ = {isa = PBXFileReference; explicitFileType = wrapper.application; includeInIndex = 0; path = Bullseye.app; sourceTree = BUILT_PRODUCTS_DIR; };
		ABB3E6BA2943064A004B0AFF /* BullseyeApp.swift */ = {isa = PBXFileReference; lastKnownFileType = sourcecode.swift; path = BullseyeApp.swift; sourceTree = "<group>"; };
		ABB3E6BC2943064A004B0AFF /* ContentView.swift */ = {isa = PBXFileReference; lastKnownFileType = sourcecode.swift; path = ContentView.swift; sourceTree = "<group>"; };
		ABB3E6BE2943064B004B0AFF /* Assets.xcassets */ = {isa = PBXFileReference; lastKnownFileType = folder.assetcatalog; path = Assets.xcassets; sourceTree = "<group>"; };
		ABB3E6C02943064B004B0AFF /* Bullseye.entitlements */ = {isa = PBXFileReference; lastKnownFileType = text.plist.entitlements; path = Bullseye.entitlements; sourceTree = "<group>"; };
		ABB3E6C22943064B004B0AFF /* Preview Assets.xcassets */ = {isa = PBXFileReference; lastKnownFileType = folder.assetcatalog; path = "Preview Assets.xcassets"; sourceTree = "<group>"; };
		ABB3E6C82943064B004B0AFF /* BullseyeTests.xctest */ = {isa = PBXFileReference; explicitFileType = wrapper.cfbundle; includeInIndex = 0; path = BullseyeTests.xctest; sourceTree = BUILT_PRODUCTS_DIR; };
		ABB3E6CC2943064B004B0AFF /* BullseyeTests.swift */ = {isa = PBXFileReference; lastKnownFileType = sourcecode.swift; path = BullseyeTests.swift; sourceTree = "<group>"; };
		ABEB1F8C2950855400E6F71B /* TextViews.swift */ = {isa = PBXFileReference; lastKnownFileType = sourcecode.swift; path = TextViews.swift; sourceTree = "<group>"; };
		ABFA7DBC294CE14B002F2A82 /* Game.swift */ = {isa = PBXFileReference; lastKnownFileType = sourcecode.swift; path = Game.swift; sourceTree = "<group>"; };
/* End PBXFileReference section */

/* Begin PBXFrameworksBuildPhase section */
		ABB3E6B42943064A004B0AFF /* Frameworks */ = {
			isa = PBXFrameworksBuildPhase;
			buildActionMask = 2147483647;
			files = (
			);
			runOnlyForDeploymentPostprocessing = 0;
		};
		ABB3E6C52943064B004B0AFF /* Frameworks */ = {
			isa = PBXFrameworksBuildPhase;
			buildActionMask = 2147483647;
			files = (
			);
			runOnlyForDeploymentPostprocessing = 0;
		};
/* End PBXFrameworksBuildPhase section */

/* Begin PBXGroup section */
		ABB3E6AE29430649004B0AFF = {
			isa = PBXGroup;
			children = (
				ABB3E6B92943064A004B0AFF /* Bullseye */,
				ABB3E6CB2943064B004B0AFF /* BullseyeTests */,
				ABB3E6B82943064A004B0AFF /* Products */,
			);
			sourceTree = "<group>";
		};
		ABB3E6B82943064A004B0AFF /* Products */ = {
			isa = PBXGroup;
			children = (
				ABB3E6B72943064A004B0AFF /* Bullseye.app */,
				ABB3E6C82943064B004B0AFF /* BullseyeTests.xctest */,
			);
			name = Products;
			sourceTree = "<group>";
		};
		ABB3E6B92943064A004B0AFF /* Bullseye */ = {
			isa = PBXGroup;
			children = (
				ABFA7DBA294CDEFE002F2A82 /* App */,
				ABFA7DBB294CDF0E002F2A82 /* View */,
				ABFA7DB9294CDEF4002F2A82 /* Models */,
				ABB3E6C12943064B004B0AFF /* Preview Content */,
			);
			path = Bullseye;
			sourceTree = "<group>";
		};
		ABB3E6C12943064B004B0AFF /* Preview Content */ = {
			isa = PBXGroup;
			children = (
				ABB3E6C22943064B004B0AFF /* Preview Assets.xcassets */,
			);
			path = "Preview Content";
			sourceTree = "<group>";
		};
		ABB3E6CB2943064B004B0AFF /* BullseyeTests */ = {
			isa = PBXGroup;
			children = (
				ABB3E6CC2943064B004B0AFF /* BullseyeTests.swift */,
			);
			path = BullseyeTests;
			sourceTree = "<group>";
		};
		ABFA7DB9294CDEF4002F2A82 /* Models */ = {
			isa = PBXGroup;
			children = (
				AB4BD359296DA46000334CDE /* Constants.swift */,
				ABFA7DBC294CE14B002F2A82 /* Game.swift */,
			);
			path = Models;
			sourceTree = "<group>";
		};
		ABFA7DBA294CDEFE002F2A82 /* App */ = {
			isa = PBXGroup;
			children = (
				ABB3E6BE2943064B004B0AFF /* Assets.xcassets */,
				ABB3E6BA2943064A004B0AFF /* BullseyeApp.swift */,
				ABB3E6C02943064B004B0AFF /* Bullseye.entitlements */,
			);
			path = App;
			sourceTree = "<group>";
		};
		ABFA7DBB294CDF0E002F2A82 /* View */ = {
			isa = PBXGroup;
			children = (
				ABB3E6BC2943064A004B0AFF /* ContentView.swift */,
				ABEB1F8C2950855400E6F71B /* TextViews.swift */,
				AB61222C2951FD91003B4664 /* Shapes.swift */,
				AB4BD357296D87A000334CDE /* PointsView.swift */,
				AB61222E295203D7003B4664 /* RoundViews.swift */,
				AB90C00C29592BE900F06F57 /* BackgroundView.swift */,
				AB50E169296DD91A00855305 /* LeaderboardView.swift */,
			);
			path = View;
			sourceTree = "<group>";
		};
/* End PBXGroup section */

/* Begin PBXNativeTarget section */
		ABB3E6B62943064A004B0AFF /* Bullseye */ = {
			isa = PBXNativeTarget;
			buildConfigurationList = ABB3E6DC2943064B004B0AFF /* Build configuration list for PBXNativeTarget "Bullseye" */;
			buildPhases = (
				ABB3E6B32943064A004B0AFF /* Sources */,
				ABB3E6B42943064A004B0AFF /* Frameworks */,
				ABB3E6B52943064A004B0AFF /* Resources */,
			);
			buildRules = (
			);
			dependencies = (
			);
			name = Bullseye;
			productName = Bullseye;
			productReference = ABB3E6B72943064A004B0AFF /* Bullseye.app */;
			productType = "com.apple.product-type.application";
		};
		ABB3E6C72943064B004B0AFF /* BullseyeTests */ = {
			isa = PBXNativeTarget;
			buildConfigurationList = ABB3E6DF2943064B004B0AFF /* Build configuration list for PBXNativeTarget "BullseyeTests" */;
			buildPhases = (
				ABB3E6C42943064B004B0AFF /* Sources */,
				ABB3E6C52943064B004B0AFF /* Frameworks */,
				ABB3E6C62943064B004B0AFF /* Resources */,
			);
			buildRules = (
			);
			dependencies = (
				ABB3E6CA2943064B004B0AFF /* PBXTargetDependency */,
			);
			name = BullseyeTests;
			productName = BullseyeTests;
			productReference = ABB3E6C82943064B004B0AFF /* BullseyeTests.xctest */;
			productType = "com.apple.product-type.bundle.unit-test";
		};
/* End PBXNativeTarget section */

/* Begin PBXProject section */
		ABB3E6AF29430649004B0AFF /* Project object */ = {
			isa = PBXProject;
			attributes = {
				BuildIndependentTargetsInParallel = 1;
				LastSwiftUpdateCheck = 1410;
				LastUpgradeCheck = 1410;
				TargetAttributes = {
					ABB3E6B62943064A004B0AFF = {
						CreatedOnToolsVersion = 14.1;
					};
					ABB3E6C72943064B004B0AFF = {
						CreatedOnToolsVersion = 14.1;
						TestTargetID = ABB3E6B62943064A004B0AFF;
					};
				};
			};
			buildConfigurationList = ABB3E6B229430649004B0AFF /* Build configuration list for PBXProject "Bullseye" */;
			compatibilityVersion = "Xcode 14.0";
			developmentRegion = en;
			hasScannedForEncodings = 0;
			knownRegions = (
				en,
				Base,
			);
			mainGroup = ABB3E6AE29430649004B0AFF;
			productRefGroup = ABB3E6B82943064A004B0AFF /* Products */;
			projectDirPath = "";
			projectRoot = "";
			targets = (
				ABB3E6B62943064A004B0AFF /* Bullseye */,
				ABB3E6C72943064B004B0AFF /* BullseyeTests */,
			);
		};
/* End PBXProject section */

/* Begin PBXResourcesBuildPhase section */
		ABB3E6B52943064A004B0AFF /* Resources */ = {
			isa = PBXResourcesBuildPhase;
			buildActionMask = 2147483647;
			files = (
				ABB3E6C32943064B004B0AFF /* Preview Assets.xcassets in Resources */,
				ABB3E6BF2943064B004B0AFF /* Assets.xcassets in Resources */,
			);
			runOnlyForDeploymentPostprocessing = 0;
		};
		ABB3E6C62943064B004B0AFF /* Resources */ = {
			isa = PBXResourcesBuildPhase;
			buildActionMask = 2147483647;
			files = (
			);
			runOnlyForDeploymentPostprocessing = 0;
		};
/* End PBXResourcesBuildPhase section */

/* Begin PBXSourcesBuildPhase section */
		ABB3E6B32943064A004B0AFF /* Sources */ = {
			isa = PBXSourcesBuildPhase;
			buildActionMask = 2147483647;
			files = (
				AB50E16A296DD91A00855305 /* LeaderboardView.swift in Sources */,
				ABB3E6BD2943064A004B0AFF /* ContentView.swift in Sources */,
				ABEB1F8D2950855400E6F71B /* TextViews.swift in Sources */,
				AB61222D2951FD91003B4664 /* Shapes.swift in Sources */,
				AB4BD358296D87A000334CDE /* PointsView.swift in Sources */,
				AB90C00D29592BE900F06F57 /* BackgroundView.swift in Sources */,
				ABFA7DBD294CE14B002F2A82 /* Game.swift in Sources */,
				AB4BD35A296DA46000334CDE /* Constants.swift in Sources */,
				ABB3E6BB2943064A004B0AFF /* BullseyeApp.swift in Sources */,
				AB61222F295203D7003B4664 /* RoundViews.swift in Sources */,
			);
			runOnlyForDeploymentPostprocessing = 0;
		};
		ABB3E6C42943064B004B0AFF /* Sources */ = {
			isa = PBXSourcesBuildPhase;
			buildActionMask = 2147483647;
			files = (
				ABB3E6CD2943064B004B0AFF /* BullseyeTests.swift in Sources */,
			);
			runOnlyForDeploymentPostprocessing = 0;
		};
/* End PBXSourcesBuildPhase section */

/* Begin PBXTargetDependency section */
		ABB3E6CA2943064B004B0AFF /* PBXTargetDependency */ = {
			isa = PBXTargetDependency;
			target = ABB3E6B62943064A004B0AFF /* Bullseye */;
			targetProxy = ABB3E6C92943064B004B0AFF /* PBXContainerItemProxy */;
		};
/* End PBXTargetDependency section */

/* Begin XCBuildConfiguration section */
		ABB3E6DA2943064B004B0AFF /* Debug */ = {
			isa = XCBuildConfiguration;
			buildSettings = {
				ALWAYS_SEARCH_USER_PATHS = NO;
				CLANG_ANALYZER_NONNULL = YES;
				CLANG_ANALYZER_NUMBER_OBJECT_CONVERSION = YES_AGGRESSIVE;
				CLANG_CXX_LANGUAGE_STANDARD = "gnu++20";
				CLANG_ENABLE_MODULES = YES;
				CLANG_ENABLE_OBJC_ARC = YES;
				CLANG_ENABLE_OBJC_WEAK = YES;
				CLANG_WARN_BLOCK_CAPTURE_AUTORELEASING = YES;
				CLANG_WARN_BOOL_CONVERSION = YES;
				CLANG_WARN_COMMA = YES;
				CLANG_WARN_CONSTANT_CONVERSION = YES;
				CLANG_WARN_DEPRECATED_OBJC_IMPLEMENTATIONS = YES;
				CLANG_WARN_DIRECT_OBJC_ISA_USAGE = YES_ERROR;
				CLANG_WARN_DOCUMENTATION_COMMENTS = YES;
				CLANG_WARN_EMPTY_BODY = YES;
				CLANG_WARN_ENUM_CONVERSION = YES;
				CLANG_WARN_INFINITE_RECURSION = YES;
				CLANG_WARN_INT_CONVERSION = YES;
				CLANG_WARN_NON_LITERAL_NULL_CONVERSION = YES;
				CLANG_WARN_OBJC_IMPLICIT_RETAIN_SELF = YES;
				CLANG_WARN_OBJC_LITERAL_CONVERSION = YES;
				CLANG_WARN_OBJC_ROOT_CLASS = YES_ERROR;
				CLANG_WARN_QUOTED_INCLUDE_IN_FRAMEWORK_HEADER = YES;
				CLANG_WARN_RANGE_LOOP_ANALYSIS = YES;
				CLANG_WARN_STRICT_PROTOTYPES = YES;
				CLANG_WARN_SUSPICIOUS_MOVE = YES;
				CLANG_WARN_UNGUARDED_AVAILABILITY = YES_AGGRESSIVE;
				CLANG_WARN_UNREACHABLE_CODE = YES;
				CLANG_WARN__DUPLICATE_METHOD_MATCH = YES;
				COPY_PHASE_STRIP = NO;
				DEBUG_INFORMATION_FORMAT = dwarf;
				ENABLE_STRICT_OBJC_MSGSEND = YES;
				ENABLE_TESTABILITY = YES;
				GCC_C_LANGUAGE_STANDARD = gnu11;
				GCC_DYNAMIC_NO_PIC = NO;
				GCC_NO_COMMON_BLOCKS = YES;
				GCC_OPTIMIZATION_LEVEL = 0;
				GCC_PREPROCESSOR_DEFINITIONS = (
					"DEBUG=1",
					"$(inherited)",
				);
				GCC_WARN_64_TO_32_BIT_CONVERSION = YES;
				GCC_WARN_ABOUT_RETURN_TYPE = YES_ERROR;
				GCC_WARN_UNDECLARED_SELECTOR = YES;
				GCC_WARN_UNINITIALIZED_AUTOS = YES_AGGRESSIVE;
				GCC_WARN_UNUSED_FUNCTION = YES;
				GCC_WARN_UNUSED_VARIABLE = YES;
				MTL_ENABLE_DEBUG_INFO = INCLUDE_SOURCE;
				MTL_FAST_MATH = YES;
				ONLY_ACTIVE_ARCH = YES;
				SWIFT_ACTIVE_COMPILATION_CONDITIONS = DEBUG;
				SWIFT_OPTIMIZATION_LEVEL = "-Onone";
			};
			name = Debug;
		};
		ABB3E6DB2943064B004B0AFF /* Release */ = {
			isa = XCBuildConfiguration;
			buildSettings = {
				ALWAYS_SEARCH_USER_PATHS = NO;
				CLANG_ANALYZER_NONNULL = YES;
				CLANG_ANALYZER_NUMBER_OBJECT_CONVERSION = YES_AGGRESSIVE;
				CLANG_CXX_LANGUAGE_STANDARD = "gnu++20";
				CLANG_ENABLE_MODULES = YES;
				CLANG_ENABLE_OBJC_ARC = YES;
				CLANG_ENABLE_OBJC_WEAK = YES;
				CLANG_WARN_BLOCK_CAPTURE_AUTORELEASING = YES;
				CLANG_WARN_BOOL_CONVERSION = YES;
				CLANG_WARN_COMMA = YES;
				CLANG_WARN_CONSTANT_CONVERSION = YES;
				CLANG_WARN_DEPRECATED_OBJC_IMPLEMENTATIONS = YES;
				CLANG_WARN_DIRECT_OBJC_ISA_USAGE = YES_ERROR;
				CLANG_WARN_DOCUMENTATION_COMMENTS = YES;
				CLANG_WARN_EMPTY_BODY = YES;
				CLANG_WARN_ENUM_CONVERSION = YES;
				CLANG_WARN_INFINITE_RECURSION = YES;
				CLANG_WARN_INT_CONVERSION = YES;
				CLANG_WARN_NON_LITERAL_NULL_CONVERSION = YES;
				CLANG_WARN_OBJC_IMPLICIT_RETAIN_SELF = YES;
				CLANG_WARN_OBJC_LITERAL_CONVERSION = YES;
				CLANG_WARN_OBJC_ROOT_CLASS = YES_ERROR;
				CLANG_WARN_QUOTED_INCLUDE_IN_FRAMEWORK_HEADER = YES;
				CLANG_WARN_RANGE_LOOP_ANALYSIS = YES;
				CLANG_WARN_STRICT_PROTOTYPES = YES;
				CLANG_WARN_SUSPICIOUS_MOVE = YES;
				CLANG_WARN_UNGUARDED_AVAILABILITY = YES_AGGRESSIVE;
				CLANG_WARN_UNREACHABLE_CODE = YES;
				CLANG_WARN__DUPLICATE_METHOD_MATCH = YES;
				COPY_PHASE_STRIP = NO;
				DEBUG_INFORMATION_FORMAT = "dwarf-with-dsym";
				ENABLE_NS_ASSERTIONS = NO;
				ENABLE_STRICT_OBJC_MSGSEND = YES;
				GCC_C_LANGUAGE_STANDARD = gnu11;
				GCC_NO_COMMON_BLOCKS = YES;
				GCC_WARN_64_TO_32_BIT_CONVERSION = YES;
				GCC_WARN_ABOUT_RETURN_TYPE = YES_ERROR;
				GCC_WARN_UNDECLARED_SELECTOR = YES;
				GCC_WARN_UNINITIALIZED_AUTOS = YES_AGGRESSIVE;
				GCC_WARN_UNUSED_FUNCTION = YES;
				GCC_WARN_UNUSED_VARIABLE = YES;
				MTL_ENABLE_DEBUG_INFO = NO;
				MTL_FAST_MATH = YES;
				SWIFT_COMPILATION_MODE = wholemodule;
				SWIFT_OPTIMIZATION_LEVEL = "-O";
			};
			name = Release;
		};
		ABB3E6DD2943064B004B0AFF /* Debug */ = {
			isa = XCBuildConfiguration;
			buildSettings = {
				ASSETCATALOG_COMPILER_APPICON_NAME = AppIcon;
				ASSETCATALOG_COMPILER_GLOBAL_ACCENT_COLOR_NAME = AccentColor;
				CODE_SIGN_ENTITLEMENTS = Bullseye/App/Bullseye.entitlements;
				CODE_SIGN_STYLE = Automatic;
				CURRENT_PROJECT_VERSION = 1;
				DEVELOPMENT_ASSET_PATHS = "\"Bullseye/Preview Content\"";
				DEVELOPMENT_TEAM = YN7X54NVFQ;
				ENABLE_HARDENED_RUNTIME = YES;
				ENABLE_PREVIEWS = YES;
				GENERATE_INFOPLIST_FILE = YES;
				INFOPLIST_FILE = "";
				"INFOPLIST_KEY_UIApplicationSceneManifest_Generation[sdk=iphoneos*]" = YES;
				"INFOPLIST_KEY_UIApplicationSceneManifest_Generation[sdk=iphonesimulator*]" = YES;
				"INFOPLIST_KEY_UIApplicationSupportsIndirectInputEvents[sdk=iphoneos*]" = YES;
				"INFOPLIST_KEY_UIApplicationSupportsIndirectInputEvents[sdk=iphonesimulator*]" = YES;
				"INFOPLIST_KEY_UILaunchScreen_Generation[sdk=iphoneos*]" = YES;
				"INFOPLIST_KEY_UILaunchScreen_Generation[sdk=iphonesimulator*]" = YES;
				"INFOPLIST_KEY_UIStatusBarStyle[sdk=iphoneos*]" = UIStatusBarStyleDefault;
				"INFOPLIST_KEY_UIStatusBarStyle[sdk=iphonesimulator*]" = UIStatusBarStyleDefault;
				INFOPLIST_KEY_UISupportedInterfaceOrientations_iPad = "UIInterfaceOrientationPortrait UIInterfaceOrientationPortraitUpsideDown UIInterfaceOrientationLandscapeLeft UIInterfaceOrientationLandscapeRight";
				INFOPLIST_KEY_UISupportedInterfaceOrientations_iPhone = "UIInterfaceOrientationPortrait UIInterfaceOrientationLandscapeLeft UIInterfaceOrientationLandscapeRight";
				IPHONEOS_DEPLOYMENT_TARGET = 16.1;
				LD_RUNPATH_SEARCH_PATHS = "@executable_path/Frameworks";
				"LD_RUNPATH_SEARCH_PATHS[sdk=macosx*]" = "@executable_path/../Frameworks";
				MACOSX_DEPLOYMENT_TARGET = 12.6;
				MARKETING_VERSION = 1.0;
				PRODUCT_BUNDLE_IDENTIFIER = com.leonard.Bullseye;
				PRODUCT_NAME = "$(TARGET_NAME)";
				SDKROOT = auto;
				SUPPORTED_PLATFORMS = "iphoneos iphonesimulator macosx";
				SWIFT_EMIT_LOC_STRINGS = YES;
				SWIFT_VERSION = 5.0;
				TARGETED_DEVICE_FAMILY = "1,2";
			};
			name = Debug;
		};
		ABB3E6DE2943064B004B0AFF /* Release */ = {
			isa = XCBuildConfiguration;
			buildSettings = {
				ASSETCATALOG_COMPILER_APPICON_NAME = AppIcon;
				ASSETCATALOG_COMPILER_GLOBAL_ACCENT_COLOR_NAME = AccentColor;
				CODE_SIGN_ENTITLEMENTS = Bullseye/App/Bullseye.entitlements;
				CODE_SIGN_STYLE = Automatic;
				CURRENT_PROJECT_VERSION = 1;
				DEVELOPMENT_ASSET_PATHS = "\"Bullseye/Preview Content\"";
				DEVELOPMENT_TEAM = YN7X54NVFQ;
				ENABLE_HARDENED_RUNTIME = YES;
				ENABLE_PREVIEWS = YES;
				GENERATE_INFOPLIST_FILE = YES;
				INFOPLIST_FILE = "";
				"INFOPLIST_KEY_UIApplicationSceneManifest_Generation[sdk=iphoneos*]" = YES;
				"INFOPLIST_KEY_UIApplicationSceneManifest_Generation[sdk=iphonesimulator*]" = YES;
				"INFOPLIST_KEY_UIApplicationSupportsIndirectInputEvents[sdk=iphoneos*]" = YES;
				"INFOPLIST_KEY_UIApplicationSupportsIndirectInputEvents[sdk=iphonesimulator*]" = YES;
				"INFOPLIST_KEY_UILaunchScreen_Generation[sdk=iphoneos*]" = YES;
				"INFOPLIST_KEY_UILaunchScreen_Generation[sdk=iphonesimulator*]" = YES;
				"INFOPLIST_KEY_UIStatusBarStyle[sdk=iphoneos*]" = UIStatusBarStyleDefault;
				"INFOPLIST_KEY_UIStatusBarStyle[sdk=iphonesimulator*]" = UIStatusBarStyleDefault;
				INFOPLIST_KEY_UISupportedInterfaceOrientations_iPad = "UIInterfaceOrientationPortrait UIInterfaceOrientationPortraitUpsideDown UIInterfaceOrientationLandscapeLeft UIInterfaceOrientationLandscapeRight";
				INFOPLIST_KEY_UISupportedInterfaceOrientations_iPhone = "UIInterfaceOrientationPortrait UIInterfaceOrientationLandscapeLeft UIInterfaceOrientationLandscapeRight";
				IPHONEOS_DEPLOYMENT_TARGET = 16.1;
				LD_RUNPATH_SEARCH_PATHS = "@executable_path/Frameworks";
				"LD_RUNPATH_SEARCH_PATHS[sdk=macosx*]" = "@executable_path/../Frameworks";
				MACOSX_DEPLOYMENT_TARGET = 12.6;
				MARKETING_VERSION = 1.0;
				PRODUCT_BUNDLE_IDENTIFIER = com.leonard.Bullseye;
				PRODUCT_NAME = "$(TARGET_NAME)";
				SDKROOT = auto;
				SUPPORTED_PLATFORMS = "iphoneos iphonesimulator macosx";
				SWIFT_EMIT_LOC_STRINGS = YES;
				SWIFT_VERSION = 5.0;
				TARGETED_DEVICE_FAMILY = "1,2";
			};
			name = Release;
		};
		ABB3E6E02943064B004B0AFF /* Debug */ = {
			isa = XCBuildConfiguration;
			buildSettings = {
				ALWAYS_EMBED_SWIFT_STANDARD_LIBRARIES = YES;
				BUNDLE_LOADER = "$(TEST_HOST)";
				CODE_SIGN_STYLE = Automatic;
				CURRENT_PROJECT_VERSION = 1;
				DEVELOPMENT_TEAM = YN7X54NVFQ;
				GENERATE_INFOPLIST_FILE = YES;
				IPHONEOS_DEPLOYMENT_TARGET = 16.1;
				MACOSX_DEPLOYMENT_TARGET = 12.6;
				MARKETING_VERSION = 1.0;
				PRODUCT_BUNDLE_IDENTIFIER = com.leonard.BullseyeTests;
				PRODUCT_NAME = "$(TARGET_NAME)";
				SDKROOT = auto;
				SUPPORTED_PLATFORMS = "iphoneos iphonesimulator macosx";
				SWIFT_EMIT_LOC_STRINGS = NO;
				SWIFT_VERSION = 5.0;
				TARGETED_DEVICE_FAMILY = "1,2";
				TEST_HOST = "$(BUILT_PRODUCTS_DIR)/Bullseye.app/$(BUNDLE_EXECUTABLE_FOLDER_PATH)/Bullseye";
			};
			name = Debug;
		};
		ABB3E6E12943064B004B0AFF /* Release */ = {
			isa = XCBuildConfiguration;
			buildSettings = {
				ALWAYS_EMBED_SWIFT_STANDARD_LIBRARIES = YES;
				BUNDLE_LOADER = "$(TEST_HOST)";
				CODE_SIGN_STYLE = Automatic;
				CURRENT_PROJECT_VERSION = 1;
				DEVELOPMENT_TEAM = YN7X54NVFQ;
				GENERATE_INFOPLIST_FILE = YES;
				IPHONEOS_DEPLOYMENT_TARGET = 16.1;
				MACOSX_DEPLOYMENT_TARGET = 12.6;
				MARKETING_VERSION = 1.0;
				PRODUCT_BUNDLE_IDENTIFIER = com.leonard.BullseyeTests;
				PRODUCT_NAME = "$(TARGET_NAME)";
				SDKROOT = auto;
				SUPPORTED_PLATFORMS = "iphoneos iphonesimulator macosx";
				SWIFT_EMIT_LOC_STRINGS = NO;
				SWIFT_VERSION = 5.0;
				TARGETED_DEVICE_FAMILY = "1,2";
				TEST_HOST = "$(BUILT_PRODUCTS_DIR)/Bullseye.app/$(BUNDLE_EXECUTABLE_FOLDER_PATH)/Bullseye";
			};
			name = Release;
		};
/* End XCBuildConfiguration section */

/* Begin XCConfigurationList section */
		ABB3E6B229430649004B0AFF /* Build configuration list for PBXProject "Bullseye" */ = {
			isa = XCConfigurationList;
			buildConfigurations = (
				ABB3E6DA2943064B004B0AFF /* Debug */,
				ABB3E6DB2943064B004B0AFF /* Release */,
			);
			defaultConfigurationIsVisible = 0;
			defaultConfigurationName = Release;
		};
		ABB3E6DC2943064B004B0AFF /* Build configuration list for PBXNativeTarget "Bullseye" */ = {
			isa = XCConfigurationList;
			buildConfigurations = (
				ABB3E6DD2943064B004B0AFF /* Debug */,
				ABB3E6DE2943064B004B0AFF /* Release */,
			);
			defaultConfigurationIsVisible = 0;
			defaultConfigurationName = Release;
		};
		ABB3E6DF2943064B004B0AFF /* Build configuration list for PBXNativeTarget "BullseyeTests" */ = {
			isa = XCConfigurationList;
			buildConfigurations = (
				ABB3E6E02943064B004B0AFF /* Debug */,
				ABB3E6E12943064B004B0AFF /* Release */,
			);
			defaultConfigurationIsVisible = 0;
			defaultConfigurationName = Release;
		};
/* End XCConfigurationList section */
	};
	rootObject = ABB3E6AF29430649004B0AFF /* Project object */;
}
